
Microsoft Visual Studio Solution File, Format Version 12.00
# Visual Studio Version 17
VisualStudioVersion = 17.2.32602.215
MinimumVisualStudioVersion = 10.0.40219.1
Project("{FAE04EC0-301F-11D3-BF4B-00C04F79EFBC}") = "homework2", "homework2\homework2.csproj", "{FD702434-A4DA-47B4-BD26-47D0CB4965AB}"
EndProject
Global
	GlobalSection(SolutionConfigurationPlatforms) = preSolution
		Debug|Any CPU = Debug|Any CPU
		Release|Any CPU = Release|Any CPU
	EndGlobalSection
	GlobalSection(ProjectConfigurationPlatforms) = postSolution
		{FD702434-A4DA-47B4-BD26-47D0CB4965AB}.Debug|Any CPU.ActiveCfg = Debug|Any CPU
		{FD702434-A4DA-47B4-BD26-47D0CB4965AB}.Debug|Any CPU.Build.0 = Debug|Any CPU
		{FD702434-A4DA-47B4-BD26-47D0CB4965AB}.Release|Any CPU.ActiveCfg = Release|Any CPU
		{FD702434-A4DA-47B4-BD26-47D0CB4965AB}.Release|Any CPU.Build.0 = Release|Any CPU
	EndGlobalSection
	GlobalSection(SolutionProperties) = preSolution
		HideSolutionNode = FALSE
	EndGlobalSection
	GlobalSection(ExtensibilityGlobals) = postSolution
		SolutionGuid = {2E50E08E-DFAF-42E4-990C-02994B437140}
	EndGlobalSection
EndGlobal
